# @generated - this file is auto-generated by `mise lock` https://mise.jdx.dev/dev-tools/mise-lock.html

[[tools."aqua:pnpm/pnpm"]]
version = "10.28.1"
backend = "aqua:pnpm/pnpm"

[tools."aqua:pnpm/pnpm"."platforms.linux-arm64"]
checksum = "sha256:bbc6860d6c7eb33bcafe670874323cd6617b03e46f8b34163bb0691eac8156f3"
url = "https://github.com/pnpm/pnpm/releases/download/v10.28.1/pnpm-linux-arm64"
url_api = "https://api.github.com/repos/pnpm/pnpm/releases/assets/342724196"

[tools."aqua:pnpm/pnpm"."platforms.linux-arm64-musl"]
checksum = "sha256:bbc6860d6c7eb33bcafe670874323cd6617b03e46f8b34163bb0691eac8156f3"
url = "https://github.com/pnpm/pnpm/releases/download/v10.28.1/pnpm-linux-arm64"
url_api = "https://api.github.com/repos/pnpm/pnpm/releases/assets/342724196"

[tools."aqua:pnpm/pnpm"."platforms.linux-x64"]
checksum = "sha256:e1a90745bbab7aad1de6886e5c6da978463fe8382953d1406e0e30661d0613a1"
url = "https://github.com/pnpm/pnpm/releases/download/v10.28.1/pnpm-linux-x64"
url_api = "https://api.github.com/repos/pnpm/pnpm/releases/assets/342724198"

[tools."aqua:pnpm/pnpm"."platforms.linux-x64-musl"]
checksum = "sha256:e1a90745bbab7aad1de6886e5c6da978463fe8382953d1406e0e30661d0613a1"
url = "https://github.com/pnpm/pnpm/releases/download/v10.28.1/pnpm-linux-x64"
url_api = "https://api.github.com/repos/pnpm/pnpm/releases/assets/342724198"

[tools."aqua:pnpm/pnpm"."platforms.macos-arm64"]
checksum = "sha256:6c123dcd8c7eab530f51f0544e7c893a5249cabda5a9469db63262cc7a738fcb"
url = "https://github.com/pnpm/pnpm/releases/download/v10.28.1/pnpm-macos-arm64"
url_api = "https://api.github.com/repos/pnpm/pnpm/releases/assets/342724192"

[tools."aqua:pnpm/pnpm"."platforms.macos-x64"]
checksum = "sha256:11cc2b5c9e6f0e1d6e2bfb414e0db3d26f07378a76c2c045ec9dbecc91050bd4"
url = "https://github.com/pnpm/pnpm/releases/download/v10.28.1/pnpm-macos-x64"
url_api = "https://api.github.com/repos/pnpm/pnpm/releases/assets/342724195"

[tools."aqua:pnpm/pnpm"."platforms.windows-x64"]
checksum = "sha256:6205534c0e8acd0cc3a2da48ee8a3ece33e7e170ab84880f888edca51a795312"
url = "https://github.com/pnpm/pnpm/releases/download/v10.28.1/pnpm-win-x64.exe"
url_api = "https://api.github.com/repos/pnpm/pnpm/releases/assets/342724194"

[[tools."github:houseabsolute/precious"]]
version = "0.10.2"
backend = "github:houseabsolute/precious"

[tools."github:houseabsolute/precious"."platforms.linux-arm64"]
checksum = "sha256:8fbaead9f9626170549c3121e67d1bc81193b3bb086e29576f548aefa839fcc4"
url = "https://github.com/houseabsolute/precious/releases/download/v0.10.2/precious-Linux-musl-arm64.tar.gz"
url_api = "https://api.github.com/repos/houseabsolute/precious/releases/assets/345520042"

[tools."github:houseabsolute/precious"."platforms.linux-arm64-musl"]
checksum = "sha256:8fbaead9f9626170549c3121e67d1bc81193b3bb086e29576f548aefa839fcc4"
url = "https://github.com/houseabsolute/precious/releases/download/v0.10.2/precious-Linux-musl-arm64.tar.gz"
url_api = "https://api.github.com/repos/houseabsolute/precious/releases/assets/345520042"

[tools."github:houseabsolute/precious"."platforms.linux-x64"]
checksum = "sha256:3d717d906db338f63017766b07982dc9055773e1b3bec6d3f432d1f0ad9676bb"
url = "https://github.com/houseabsolute/precious/releases/download/v0.10.2/precious-Linux-musl-x86_64.tar.gz"
url_api = "https://api.github.com/repos/houseabsolute/precious/releases/assets/345519861"

[tools."github:houseabsolute/precious"."platforms.linux-x64-musl"]
checksum = "sha256:3d717d906db338f63017766b07982dc9055773e1b3bec6d3f432d1f0ad9676bb"
url = "https://github.com/houseabsolute/precious/releases/download/v0.10.2/precious-Linux-musl-x86_64.tar.gz"
url_api = "https://api.github.com/repos/houseabsolute/precious/releases/assets/345519861"

[tools."github:houseabsolute/precious"."platforms.macos-arm64"]
checksum = "sha256:04157c64459bb6ab029295b21b112077040ad2575b34508d84b19a839551cddb"
url = "https://github.com/houseabsolute/precious/releases/download/v0.10.2/precious-macOS-arm64.tar.gz"
url_api = "https://api.github.com/repos/houseabsolute/precious/releases/assets/345519985"

[tools."github:houseabsolute/precious"."platforms.macos-x64"]
checksum = "sha256:9932defd246d0771530357463bdb55582557fd7381853cb4dc2074e36ad0cc84"
url = "https://github.com/houseabsolute/precious/releases/download/v0.10.2/precious-macOS-x86_64.tar.gz"
url_api = "https://api.github.com/repos/houseabsolute/precious/releases/assets/345519772"

[tools."github:houseabsolute/precious"."platforms.windows-x64"]
checksum = "sha256:9d683d1730e302c646ccb90a23d313e7a548c8b23b5abf7d24e19ff6befe763d"
url = "https://github.com/houseabsolute/precious/releases/download/v0.10.2/precious-Windows-msvc-x86_64.zip"
url_api = "https://api.github.com/repos/houseabsolute/precious/releases/assets/345520544"

[[tools."github:sass/dart-sass"]]
version = "1.97.3"
backend = "github:sass/dart-sass"

[tools."github:sass/dart-sass"."platforms.linux-arm64"]
checksum = "sha256:bcf342ebf1fcaa7e2132b9494724074217bc34eda83cd541d6bdab973c36285d"
url = "https://github.com/sass/dart-sass/releases/download/1.97.3/dart-sass-1.97.3-linux-arm64.tar.gz"
url_api = "https://api.github.com/repos/sass/dart-sass/releases/assets/344015400"
provenance = "github-attestations"

[tools."github:sass/dart-sass"."platforms.linux-arm64-musl"]
checksum = "sha256:56267396cc4d6367bb863f34a0a29cb0ee08f27e152ee6f9673cf333df5091ed"
url = "https://github.com/sass/dart-sass/releases/download/1.97.3/dart-sass-1.97.3-linux-arm64-musl.tar.gz"
url_api = "https://api.github.com/repos/sass/dart-sass/releases/assets/344015399"
provenance = "github-attestations"

[tools."github:sass/dart-sass"."platforms.linux-x64"]
checksum = "sha256:049bb0a0171a776b82cbd1b0a644e43fbeafe8a67e851c077e2f0d1da6f28a86"
url = "https://github.com/sass/dart-sass/releases/download/1.97.3/dart-sass-1.97.3-linux-x64.tar.gz"
url_api = "https://api.github.com/repos/sass/dart-sass/releases/assets/344015405"
provenance = "github-attestations"
provenance_verified = true

[tools."github:sass/dart-sass"."platforms.linux-x64-musl"]
checksum = "sha256:02e0579756c74c2759f52c4a4d9c0829710f25429e99486c31bdfe5291e4d985"
url = "https://github.com/sass/dart-sass/releases/download/1.97.3/dart-sass-1.97.3-linux-x64-musl.tar.gz"
url_api = "https://api.github.com/repos/sass/dart-sass/releases/assets/344015404"
provenance = "github-attestations"

[tools."github:sass/dart-sass"."platforms.macos-arm64"]
checksum = "sha256:b73fda91716e9f4fa2e997d89eb4988adb1ba9718c715516743380f797309d0d"
url = "https://github.com/sass/dart-sass/releases/download/1.97.3/dart-sass-1.97.3-macos-arm64.tar.gz"
url_api = "https://api.github.com/repos/sass/dart-sass/releases/assets/344015408"
provenance = "github-attestations"

[tools."github:sass/dart-sass"."platforms.macos-x64"]
checksum = "sha256:d3eb1ec8106b81a654cdbcc7e7107d518a802b71fed26b34c2e78a861b59f382"
url = "https://github.com/sass/dart-sass/releases/download/1.97.3/dart-sass-1.97.3-macos-x64.tar.gz"
url_api = "https://api.github.com/repos/sass/dart-sass/releases/assets/344015409"
provenance = "github-attestations"

[tools."github:sass/dart-sass"."platforms.windows-x64"]
checksum = "sha256:7cefc5a1a1fbe10a7428dea86493f43866f0343ebc7a1e401c8b708ebea26e0a"
url = "https://github.com/sass/dart-sass/releases/download/1.97.3/dart-sass-1.97.3-windows-x64.zip"
url_api = "https://api.github.com/repos/sass/dart-sass/releases/assets/344015414"
provenance = "github-attestations"

[[tools.hugo]]
version = "0.153.1"
backend = "aqua:gohugoio/hugo"

[tools.hugo."platforms.linux-arm64"]
checksum = "sha256:6a84c9634d7d73033d4040b88bbe2143bb07147471871052c2ec321b7241cc20"
url = "https://github.com/gohugoio/hugo/releases/download/v0.153.1/hugo_0.153.1_linux-arm64.tar.gz"
url_api = "https://api.github.com/repos/gohugoio/hugo/releases/assets/331066805"

[tools.hugo."platforms.linux-arm64-musl"]
checksum = "sha256:6a84c9634d7d73033d4040b88bbe2143bb07147471871052c2ec321b7241cc20"
url = "https://github.com/gohugoio/hugo/releases/download/v0.153.1/hugo_0.153.1_linux-arm64.tar.gz"
url_api = "https://api.github.com/repos/gohugoio/hugo/releases/assets/331066805"

[tools.hugo."platforms.linux-x64"]
checksum = "sha256:2f53a9369478405b3f6ad5fe49da207b13248a18272940ae3061f75e57df3cc7"
url = "https://github.com/gohugoio/hugo/releases/download/v0.153.1/hugo_0.153.1_linux-amd64.tar.gz"
url_api = "https://api.github.com/repos/gohugoio/hugo/releases/assets/331066807"

[tools.hugo."platforms.linux-x64-musl"]
checksum = "sha256:2f53a9369478405b3f6ad5fe49da207b13248a18272940ae3061f75e57df3cc7"
url = "https://github.com/gohugoio/hugo/releases/download/v0.153.1/hugo_0.153.1_linux-amd64.tar.gz"
url_api = "https://api.github.com/repos/gohugoio/hugo/releases/assets/331066807"

[tools.hugo."platforms.macos-arm64"]
checksum = "sha256:48a3dc5e10038c43b1601d5f2530db554b50276a90c8fbbbd15cd10f8bface04"
url = "https://github.com/gohugoio/hugo/releases/download/v0.153.1/hugo_0.153.1_darwin-universal.pkg"
url_api = "https://api.github.com/repos/gohugoio/hugo/releases/assets/331066822"

[tools.hugo."platforms.macos-x64"]
checksum = "sha256:48a3dc5e10038c43b1601d5f2530db554b50276a90c8fbbbd15cd10f8bface04"
url = "https://github.com/gohugoio/hugo/releases/download/v0.153.1/hugo_0.153.1_darwin-universal.pkg"
url_api = "https://api.github.com/repos/gohugoio/hugo/releases/assets/331066822"

[tools.hugo."platforms.windows-x64"]
checksum = "sha256:a9818b3bc69bd705f626f6a4abccf5cae63215359896df0f9faadab1120ee061"
url = "https://github.com/gohugoio/hugo/releases/download/v0.153.1/hugo_0.153.1_windows-amd64.zip"
url_api = "https://api.github.com/repos/gohugoio/hugo/releases/assets/331066829"

[[tools.lychee]]
version = "0.23.0"
backend = "aqua:lycheeverse/lychee"

[tools.lychee."platforms.linux-arm64"]
checksum = "sha256:97eb93b02a7d78a752fc33e5b0983439ccaadbf3db952b68a0a4401acd92e6e0"
url = "https://github.com/lycheeverse/lychee/releases/download/lychee-v0.23.0/lychee-aarch64-unknown-linux-gnu.tar.gz"
url_api = "https://api.github.com/repos/lycheeverse/lychee/releases/assets/355422488"

[tools.lychee."platforms.linux-arm64-musl"]
checksum = "sha256:4eb6ff3ccd40dbb71843c41429683d3c60fe3b33b2042ffbbff9bb21cedacb39"
url = "https://github.com/lycheeverse/lychee/releases/download/lychee-v0.23.0/lychee-aarch64-unknown-linux-musl.tar.gz"
url_api = "https://api.github.com/repos/lycheeverse/lychee/releases/assets/355420785"

[tools.lychee."platforms.linux-x64"]
checksum = "sha256:1fcb6ccf10d04c22b8c5873c5b9cb7be32ee7423e12169d6f1a79a6f1962ef81"
url = "https://github.com/lycheeverse/lychee/releases/download/lychee-v0.23.0/lychee-x86_64-unknown-linux-gnu.tar.gz"
url_api = "https://api.github.com/repos/lycheeverse/lychee/releases/assets/355422074"

[tools.lychee."platforms.linux-x64-musl"]
checksum = "sha256:5538440d2c69a45a0a09983271e5dee0c2fe7137d8035d25b2632e10a66a090a"
url = "https://github.com/lycheeverse/lychee/releases/download/lychee-v0.23.0/lychee-x86_64-unknown-linux-musl.tar.gz"
url_api = "https://api.github.com/repos/lycheeverse/lychee/releases/assets/355422587"

[tools.lychee."platforms.macos-arm64"]
checksum = "sha256:1953bb425486e1b887757201e54e8fdf866c9cada6c270d8f6ed21ffbed4145a"
url = "https://github.com/lycheeverse/lychee/releases/download/lychee-v0.23.0/lychee-arm64-macos.tar.gz"
url_api = "https://api.github.com/repos/lycheeverse/lychee/releases/assets/355419865"

[tools.lychee."platforms.windows-x64"]
checksum = "sha256:0fda7ff0a60c0250939fc25361c2d4e6e7853c31c996733fdd5a1dd760bcb824"
url = "https://github.com/lycheeverse/lychee/releases/download/lychee-v0.23.0/lychee-x86_64-windows.exe"
url_api = "https://api.github.com/repos/lycheeverse/lychee/releases/assets/355423012"

[[tools.node]]
version = "24.14.0"
backend = "core:node"

[tools.node."platforms.linux-arm64"]
checksum = "sha256:f44740cd218de8127f1c44c41510a3a740fa5c9c8d1cdce1c3bedada79f3cde7"
url = "https://nodejs.org/dist/v24.14.0/node-v24.14.0-linux-arm64.tar.gz"

[tools.node."platforms.linux-arm64-musl"]
checksum = "sha256:8f81d47b7f443455709d44eae8669591de2e58b37d3c2cb0aec667b6e6f826c1"
url = "https://unofficial-builds.nodejs.org/download/release/v24.14.0/node-v24.14.0-linux-arm64-musl.tar.gz"

[tools.node."platforms.linux-x64"]
checksum = "sha256:dbf5b8665dec15e59e6359a517fefb47b23fdb9152d8def975b9bca3dfc6d355"
url = "https://nodejs.org/dist/v24.14.0/node-v24.14.0-linux-x64.tar.gz"

[tools.node."platforms.linux-x64-musl"]
checksum = "sha256:bae0f2320448d5c744bcd4878081b483194d8b0f0eaab2b37d7f81df739c5a95"
url = "https://unofficial-builds.nodejs.org/download/release/v24.14.0/node-v24.14.0-linux-x64-musl.tar.gz"

[tools.node."platforms.macos-arm64"]
checksum = "sha256:a1a54f46a750d2523d628d924aab61758a51c9dad3e0238beb14141be9615dd3"
url = "https://nodejs.org/dist/v24.14.0/node-v24.14.0-darwin-arm64.tar.gz"

[tools.node."platforms.macos-x64"]
checksum = "sha256:f2879eb810e25993a0578e5d878930266fd2eafcffe9f2839b3d8db354d4879e"
url = "https://nodejs.org/dist/v24.14.0/node-v24.14.0-darwin-x64.tar.gz"

[tools.node."platforms.windows-x64"]
checksum = "sha256:313fa40c0d7b18575821de8cb17483031fe07d95de5994f6f435f3b345f85c66"
url = "https://nodejs.org/dist/v24.14.0/node-v24.14.0-win-x64.zip"
